{
  "name": "client",
  "lockfileVersion": 3,
  "requires": true,
  "packages": {
    "": {
      "dependencies": {
        "gsap": "^3.12.4",
        "scrollmagic": "^2.0.8"
      },
      "devDependencies": {
        "@types/scrollmagic": "^2.0.8"
      }
    },
    "node_modules/@types/scrollmagic": {
      "version": "2.0.8",
      "resolved": "https://registry.npmjs.org/@types/scrollmagic/-/scrollmagic-2.0.8.tgz",
      "integrity": "sha512-hbWfZlV2v5XaPCGdVXPVReNdtzO81C0Lfpip0scC/iDec3VNMtmQsvYMsZfIEPRC5b5+M2leJIarxlVUgviCNQ==",
      "dev": true
    },
    "node_modules/gsap": {
      "version": "3.12.4",
      "resolved": "https://registry.npmjs.org/gsap/-/gsap-3.12.4.tgz",
      "integrity": "sha512-1ByAq8dD0W4aBZ/JArgaQvc0gyUfkGkP8mgAQa0qZGdpOKlSOhOf+WNXjoLimKaKG3Z4Iu6DKZtnyszqQeyqWQ=="
    },
    "node_modules/scrollmagic": {
      "version": "2.0.8",
      "resolved": "https://registry.npmjs.org/scrollmagic/-/scrollmagic-2.0.8.tgz",
      "integrity": "sha512-UYXEGBPVLziovXl3FjHGkY9c4UXKUKopIdXwWR2JapWxCo0U345wYegi7rcsv5vHf/ktc1bSNWy4QRFiV+Yccw==",
      "engines": {
        "node": ">=0.10.x"
      }
    }
  }
}
